<?xml version="1.0" encoding="utf-8"?>
<Project ToolsVersion="4.0" xmlns="http://schemas.microsoft.com/developer/msbuild/2003">
  <ItemGroup>
    <Filter Include="Source Files">
      <UniqueIdentifier>{4FC737F1-C7A5-4376-A066-2A32D752A2FF}</UniqueIdentifier>
      <Extensions>cpp;c;cc;cxx;def;odl;idl;hpj;bat;asm;asmx</Extensions>
    </Filter>
    <Filter Include="Header Files">
      <UniqueIdentifier>{93995380-89BD-4b04-88EB-625FBE52EBFB}</UniqueIdentifier>
      <Extensions>h;hh;hpp;hxx;hm;inl;inc;ipp;xsd</Extensions>
    </Filter>
    <Filter Include="Resource Files">
      <UniqueIdentifier>{67DA6AB6-F800-4c08-8B7A-83BB121AAD01}</UniqueIdentifier>
      <Extensions>rc;ico;cur;bmp;dlg;rc2;rct;bin;rgs;gif;jpg;jpeg;jpe;resx;tiff;tif;png;wav;mfcribbon-ms</Extensions>
    </Filter>
    <Filter Include="Helpers">
      <UniqueIdentifier>{8862b6fe-ae09-426d-b5be-6c43ed3cd2f5}</UniqueIdentifier>
    </Filter>
    <Filter Include="Vulkan Elements">
      <UniqueIdentifier>{fb7657ad-619f-44a8-a364-c60a5637f78b}</UniqueIdentifier>
    </Filter>
    <Filter Include="Templates">
      <UniqueIdentifier>{c94afc11-85c3-4f5e-908b-4b4b69ba3a5a}</UniqueIdentifier>
    </Filter>
    <Filter Include="Rendering Algorithms">
      <UniqueIdentifier>{f9774f90-ac51-4187-b2c4-1f41d498a61c}</UniqueIdentifier>
    </Filter>
    <Filter Include="Ray tracing">
      <UniqueIdentifier>{0909da0d-d231-4419-8b2e-7ea6b0f7eedb}</UniqueIdentifier>
    </Filter>
  </ItemGroup>
  <ItemGroup>
    <ClCompile Include="WolfEngine.cpp">
      <Filter>Source Files</Filter>
    </ClCompile>
    <ClCompile Include="VulkanHelper.cpp">
      <Filter>Helpers</Filter>
    </ClCompile>
    <ClCompile Include="Window.cpp">
      <Filter>Source Files</Filter>
    </ClCompile>
    <ClCompile Include="Debug.cpp">
      <Filter>Source Files</Filter>
    </ClCompile>
    <ClCompile Include="Image.cpp">
      <Filter>Vulkan Elements</Filter>
    </ClCompile>
    <ClCompile Include="Vulkan.cpp">
      <Filter>Source Files</Filter>
    </ClCompile>
    <ClCompile Include="SwapChain.cpp">
      <Filter>Vulkan Elements</Filter>
    </ClCompile>
    <ClCompile Include="Semaphore.cpp">
      <Filter>Vulkan Elements</Filter>
    </ClCompile>
    <ClCompile Include="Scene.cpp">
      <Filter>Source Files</Filter>
    </ClCompile>
    <ClCompile Include="VulkanElement.cpp">
      <Filter>Vulkan Elements</Filter>
    </ClCompile>
    <ClCompile Include="CommandPool.cpp">
      <Filter>Vulkan Elements</Filter>
    </ClCompile>
    <ClCompile Include="RenderPass.cpp">
      <Filter>Source Files</Filter>
    </ClCompile>
    <ClCompile Include="FrameBuffer.cpp">
      <Filter>Source Files</Filter>
    </ClCompile>
    <ClCompile Include="Attachment.cpp">
      <Filter>Source Files</Filter>
    </ClCompile>
    <ClCompile Include="CommandBuffer.cpp">
      <Filter>Vulkan Elements</Filter>
    </ClCompile>
    <ClCompile Include="Renderer.cpp">
      <Filter>Source Files</Filter>
    </ClCompile>
    <ClCompile Include="Texture.cpp">
      <Filter>Vulkan Elements</Filter>
    </ClCompile>
    <ClCompile Include="Sampler.cpp">
      <Filter>Vulkan Elements</Filter>
    </ClCompile>
    <ClCompile Include="Mesh.cpp">
      <Filter>Source Files</Filter>
    </ClCompile>
    <ClCompile Include="Instance.cpp">
      <Filter>Vulkan Elements</Filter>
    </ClCompile>
    <ClCompile Include="Pipeline.cpp">
      <Filter>Vulkan Elements</Filter>
    </ClCompile>
    <ClCompile Include="Model.cpp">
      <Filter>Source Files</Filter>
    </ClCompile>
    <ClCompile Include="InputVertexTemplate.cpp">
      <Filter>Templates</Filter>
    </ClCompile>
    <ClCompile Include="Model2D.cpp">
      <Filter>Templates</Filter>
    </ClCompile>
    <ClCompile Include="DescriptorPool.cpp">
      <Filter>Vulkan Elements</Filter>
    </ClCompile>
    <ClCompile Include="Model2DTextured.cpp">
      <Filter>Templates</Filter>
    </ClCompile>
    <ClCompile Include="Font.cpp">
      <Filter>Source Files</Filter>
    </ClCompile>
    <ClCompile Include="Text.cpp">
      <Filter>Source Files</Filter>
    </ClCompile>
    <ClCompile Include="InstanceTemplate.cpp">
      <Filter>Templates</Filter>
    </ClCompile>
    <ClCompile Include="Model3D.cpp">
      <Filter>Templates</Filter>
    </ClCompile>
    <ClCompile Include="Template3D.cpp">
      <Filter>Templates</Filter>
    </ClCompile>
    <ClCompile Include="OVR.cpp">
      <Filter>Source Files</Filter>
    </ClCompile>
    <ClCompile Include="Template3D_VR.cpp">
      <Filter>Templates</Filter>
    </ClCompile>
    <ClCompile Include="CascadedShadowMapping.cpp">
      <Filter>Rendering Algorithms</Filter>
    </ClCompile>
    <ClCompile Include="DepthPass.cpp">
      <Filter>Rendering Algorithms</Filter>
    </ClCompile>
    <ClCompile Include="GBuffer.cpp">
      <Filter>Rendering Algorithms</Filter>
    </ClCompile>
    <ClCompile Include="ComputePass.cpp">
      <Filter>Source Files</Filter>
    </ClCompile>
    <ClCompile Include="SSAO.cpp">
      <Filter>Rendering Algorithms</Filter>
    </ClCompile>
    <ClCompile Include="DirectLightingPBR.cpp">
      <Filter>Rendering Algorithms</Filter>
    </ClCompile>
    <ClCompile Include="Blur.cpp">
      <Filter>Rendering Algorithms</Filter>
    </ClCompile>
    <ClCompile Include="LightPropagationVolumes.cpp">
      <Filter>Rendering Algorithms</Filter>
    </ClCompile>
    <ClCompile Include="ModelCustom.cpp">
      <Filter>Templates</Filter>
    </ClCompile>
    <ClCompile Include="DescriptorSet.cpp">
      <Filter>Source Files</Filter>
    </ClCompile>
    <ClCompile Include="UniformBuffer.cpp">
      <Filter>Vulkan Elements</Filter>
    </ClCompile>
    <ClCompile Include="BottomLevelAccelerationStructure.cpp">
      <Filter>Ray tracing</Filter>
    </ClCompile>
    <ClCompile Include="AccelerationStructure.cpp">
      <Filter>Ray tracing</Filter>
    </ClCompile>
    <ClCompile Include="TopLevelAccelerationStructure.cpp">
      <Filter>Ray tracing</Filter>
    </ClCompile>
    <ClCompile Include="vulkan_raytracing.cpp">
      <Filter>Ray tracing</Filter>
    </ClCompile>
    <ClCompile Include="RayTracingPass.cpp">
      <Filter>Ray tracing</Filter>
    </ClCompile>
    <ClCompile Include="ShaderBindingTable.cpp">
      <Filter>Ray tracing</Filter>
    </ClCompile>
    <ClCompile Include="Buffer.cpp">
      <Filter>Vulkan Elements</Filter>
    </ClCompile>
    <ClCompile Include="GBufferStereoscopic.cpp">
      <Filter>Rendering Algorithms</Filter>
    </ClCompile>
    <ClCompile Include="CascadedShadowMappingStereoscopic.cpp">
      <Filter>Rendering Algorithms</Filter>
    </ClCompile>
    <ClCompile Include="DirectLightingStereoscopic.cpp">
      <Filter>Rendering Algorithms</Filter>
    </ClCompile>
  </ItemGroup>
  <ItemGroup>
    <ClInclude Include="WolfEngine.h">
      <Filter>Header Files</Filter>
    </ClInclude>
    <ClInclude Include="Vulkan.h">
      <Filter>Header Files</Filter>
    </ClInclude>
    <ClInclude Include="VulkanHelper.h">
      <Filter>Helpers</Filter>
    </ClInclude>
    <ClInclude Include="Window.h">
      <Filter>Header Files</Filter>
    </ClInclude>
    <ClInclude Include="Debug.h">
      <Filter>Header Files</Filter>
    </ClInclude>
    <ClInclude Include="Image.h">
      <Filter>Vulkan Elements</Filter>
    </ClInclude>
    <ClInclude Include="SwapChain.h">
      <Filter>Vulkan Elements</Filter>
    </ClInclude>
    <ClInclude Include="Semaphore.h">
      <Filter>Vulkan Elements</Filter>
    </ClInclude>
    <ClInclude Include="Scene.h">
      <Filter>Header Files</Filter>
    </ClInclude>
    <ClInclude Include="VulkanElement.h">
      <Filter>Vulkan Elements</Filter>
    </ClInclude>
    <ClInclude Include="CommandPool.h">
      <Filter>Vulkan Elements</Filter>
    </ClInclude>
    <ClInclude Include="RenderPass.h">
      <Filter>Header Files</Filter>
    </ClInclude>
    <ClInclude Include="FrameBuffer.h">
      <Filter>Header Files</Filter>
    </ClInclude>
    <ClInclude Include="Attachment.h">
      <Filter>Header Files</Filter>
    </ClInclude>
    <ClInclude Include="CommandBuffer.h">
      <Filter>Vulkan Elements</Filter>
    </ClInclude>
    <ClInclude Include="Renderer.h">
      <Filter>Header Files</Filter>
    </ClInclude>
    <ClInclude Include="Texture.h">
      <Filter>Vulkan Elements</Filter>
    </ClInclude>
    <ClInclude Include="Sampler.h">
      <Filter>Vulkan Elements</Filter>
    </ClInclude>
    <ClInclude Include="Mesh.h">
      <Filter>Header Files</Filter>
    </ClInclude>
    <ClInclude Include="Instance.h">
      <Filter>Vulkan Elements</Filter>
    </ClInclude>
    <ClInclude Include="Pipeline.h">
      <Filter>Vulkan Elements</Filter>
    </ClInclude>
    <ClInclude Include="Model.h">
      <Filter>Header Files</Filter>
    </ClInclude>
    <ClInclude Include="InputVertexTemplate.h">
      <Filter>Templates</Filter>
    </ClInclude>
    <ClInclude Include="Model2D.h">
      <Filter>Templates</Filter>
    </ClInclude>
    <ClInclude Include="DescriptorPool.h">
      <Filter>Vulkan Elements</Filter>
    </ClInclude>
    <ClInclude Include="Model2DTextured.h">
      <Filter>Templates</Filter>
    </ClInclude>
    <ClInclude Include="Font.h">
      <Filter>Header Files</Filter>
    </ClInclude>
    <ClInclude Include="Text.h">
      <Filter>Header Files</Filter>
    </ClInclude>
    <ClInclude Include="InstanceTemplate.h">
      <Filter>Templates</Filter>
    </ClInclude>
    <ClInclude Include="Model3D.h">
      <Filter>Templates</Filter>
    </ClInclude>
    <ClInclude Include="Template3D.h">
      <Filter>Templates</Filter>
    </ClInclude>
    <ClInclude Include="OVR.h">
      <Filter>Header Files</Filter>
    </ClInclude>
    <ClInclude Include="Template3D_VR.h">
      <Filter>Templates</Filter>
    </ClInclude>
    <ClInclude Include="CascadedShadowMapping.h">
      <Filter>Rendering Algorithms</Filter>
    </ClInclude>
    <ClInclude Include="DepthPass.h">
      <Filter>Rendering Algorithms</Filter>
    </ClInclude>
    <ClInclude Include="GBuffer.h">
      <Filter>Rendering Algorithms</Filter>
    </ClInclude>
    <ClInclude Include="ComputePass.h">
      <Filter>Header Files</Filter>
    </ClInclude>
    <ClInclude Include="SSAO.h">
      <Filter>Rendering Algorithms</Filter>
    </ClInclude>
    <ClInclude Include="DirectLightingPBR.h">
      <Filter>Rendering Algorithms</Filter>
    </ClInclude>
    <ClInclude Include="Blur.h">
      <Filter>Rendering Algorithms</Filter>
    </ClInclude>
    <ClInclude Include="LightPropagationVolumes.h">
      <Filter>Rendering Algorithms</Filter>
    </ClInclude>
    <ClInclude Include="ModelCustom.h">
      <Filter>Templates</Filter>
    </ClInclude>
    <ClInclude Include="DescriptorSet.h">
      <Filter>Header Files</Filter>
    </ClInclude>
    <ClInclude Include="UniformBuffer.h">
      <Filter>Vulkan Elements</Filter>
    </ClInclude>
    <ClInclude Include="BottomLevelAccelerationStructure.h">
      <Filter>Ray tracing</Filter>
    </ClInclude>
    <ClInclude Include="AccelerationStructure.h">
      <Filter>Ray tracing</Filter>
    </ClInclude>
    <ClInclude Include="TopLevelAccelerationStructure.h">
      <Filter>Ray tracing</Filter>
    </ClInclude>
    <ClInclude Include="RayTracingPass.h">
      <Filter>Ray tracing</Filter>
    </ClInclude>
    <ClInclude Include="ShaderBindingTable.h">
      <Filter>Ray tracing</Filter>
    </ClInclude>
    <ClInclude Include="Buffer.h">
      <Filter>Vulkan Elements</Filter>
    </ClInclude>
    <ClInclude Include="GBufferStereoscopic.h">
      <Filter>Rendering Algorithms</Filter>
    </ClInclude>
    <ClInclude Include="CascadedShadowMappingStereoscopic.h">
      <Filter>Rendering Algorithms</Filter>
    </ClInclude>
    <ClInclude Include="DirectLightingStereoscopic.h">
      <Filter>Rendering Algorithms</Filter>
    </ClInclude>
  </ItemGroup>
</Project>